// !$*UTF8*$!
{
	archiveVersion = 1;
	classes = {
	};
	objectVersion = 54;
	objects = {

/* Begin PBXBuildFile section */
		4F00B11F27466A810045481C /* BaseViewController.swift in Sources */ = {isa = PBXBuildFile; fileRef = 4F00B11E27466A810045481C /* BaseViewController.swift */; };
		4F00B12127466A9A0045481C /* SplashViewController.swift in Sources */ = {isa = PBXBuildFile; fileRef = 4F00B12027466A9A0045481C /* SplashViewController.swift */; };
		4F5DE54F27465A6400C9C9CA /* AppDelegate.swift in Sources */ = {isa = PBXBuildFile; fileRef = 4F5DE54E27465A6400C9C9CA /* AppDelegate.swift */; };
		4F5DE55827465A6500C9C9CA /* Assets.xcassets in Resources */ = {isa = PBXBuildFile; fileRef = 4F5DE55727465A6500C9C9CA /* Assets.xcassets */; };
		4F5DE55B27465A6500C9C9CA /* LaunchScreen.storyboard in Resources */ = {isa = PBXBuildFile; fileRef = 4F5DE55927465A6500C9C9CA /* LaunchScreen.storyboard */; };
		BAC34A12A0867E69E30BDA20 /* Pods_GGong.framework in Frameworks */ = {isa = PBXBuildFile; fileRef = 3C96E4D0588D774DF3FCA35E /* Pods_GGong.framework */; };
/* End PBXBuildFile section */

/* Begin PBXFileReference section */
		3C96E4D0588D774DF3FCA35E /* Pods_GGong.framework */ = {isa = PBXFileReference; explicitFileType = wrapper.framework; includeInIndex = 0; path = Pods_GGong.framework; sourceTree = BUILT_PRODUCTS_DIR; };
		4F00B11E27466A810045481C /* BaseViewController.swift */ = {isa = PBXFileReference; lastKnownFileType = sourcecode.swift; path = BaseViewController.swift; sourceTree = "<group>"; };
		4F00B12027466A9A0045481C /* SplashViewController.swift */ = {isa = PBXFileReference; lastKnownFileType = sourcecode.swift; path = SplashViewController.swift; sourceTree = "<group>"; };
		4F5DE54B27465A6400C9C9CA /* GGong.app */ = {isa = PBXFileReference; explicitFileType = wrapper.application; includeInIndex = 0; path = GGong.app; sourceTree = BUILT_PRODUCTS_DIR; };
		4F5DE54E27465A6400C9C9CA /* AppDelegate.swift */ = {isa = PBXFileReference; lastKnownFileType = sourcecode.swift; path = AppDelegate.swift; sourceTree = "<group>"; };
		4F5DE55727465A6500C9C9CA /* Assets.xcassets */ = {isa = PBXFileReference; lastKnownFileType = folder.assetcatalog; path = Assets.xcassets; sourceTree = "<group>"; };
		4F5DE55A27465A6500C9C9CA /* Base */ = {isa = PBXFileReference; lastKnownFileType = file.storyboard; name = Base; path = Base.lproj/LaunchScreen.storyboard; sourceTree = "<group>"; };
		4F5DE55C27465A6500C9C9CA /* Info.plist */ = {isa = PBXFileReference; lastKnownFileType = text.plist.xml; path = Info.plist; sourceTree = "<group>"; };
		6D071251472145E3E5229452 /* Pods-GGong.debug.xcconfig */ = {isa = PBXFileReference; includeInIndex = 1; lastKnownFileType = text.xcconfig; name = "Pods-GGong.debug.xcconfig"; path = "Target Support Files/Pods-GGong/Pods-GGong.debug.xcconfig"; sourceTree = "<group>"; };
		DC827B11768ED0D130DD8EFB /* Pods-GGong.release.xcconfig */ = {isa = PBXFileReference; includeInIndex = 1; lastKnownFileType = text.xcconfig; name = "Pods-GGong.release.xcconfig"; path = "Target Support Files/Pods-GGong/Pods-GGong.release.xcconfig"; sourceTree = "<group>"; };
/* End PBXFileReference section */

/* Begin PBXFrameworksBuildPhase section */
		4F5DE54827465A6400C9C9CA /* Frameworks */ = {
			isa = PBXFrameworksBuildPhase;
			buildActionMask = 2147483647;
			files = (
				BAC34A12A0867E69E30BDA20 /* Pods_GGong.framework in Frameworks */,
			);
			runOnlyForDeploymentPostprocessing = 0;
		};
/* End PBXFrameworksBuildPhase section */

/* Begin PBXGroup section */
		4F00B117274667850045481C /* feature */ = {
			isa = PBXGroup;
			children = (
				4F00B11D27466A5A0045481C /* common */,
				4F00B11B274668DB0045481C /* splash */,
				4F00B119274668C10045481C /* sign */,
				4F00B11C274668E80045481C /* ggong */,
			);
			path = feature;
			sourceTree = "<group>";
		};
		4F00B118274667970045481C /* resource */ = {
			isa = PBXGroup;
			children = (
				4F5DE55727465A6500C9C9CA /* Assets.xcassets */,
				4F5DE55927465A6500C9C9CA /* LaunchScreen.storyboard */,
				4F5DE55C27465A6500C9C9CA /* Info.plist */,
			);
			path = resource;
			sourceTree = "<group>";
		};
		4F00B119274668C10045481C /* sign */ = {
			isa = PBXGroup;
			children = (
			);
			path = sign;
			sourceTree = "<group>";
		};
		4F00B11B274668DB0045481C /* splash */ = {
			isa = PBXGroup;
			children = (
				4F00B12027466A9A0045481C /* SplashViewController.swift */,
			);
			path = splash;
			sourceTree = "<group>";
		};
		4F00B11C274668E80045481C /* ggong */ = {
			isa = PBXGroup;
			children = (
			);
			path = ggong;
			sourceTree = "<group>";
		};
		4F00B11D27466A5A0045481C /* common */ = {
			isa = PBXGroup;
			children = (
				4F00B11E27466A810045481C /* BaseViewController.swift */,
			);
			path = common;
			sourceTree = "<group>";
		};
		4F5DE54227465A6300C9C9CA = {
			isa = PBXGroup;
			children = (
				4F5DE54D27465A6400C9C9CA /* GGong */,
				4F5DE54C27465A6400C9C9CA /* Products */,
				7AD032695B3E2CA4EA5C4FD2 /* Pods */,
				AA9475208369B27273A892DF /* Frameworks */,
			);
			sourceTree = "<group>";
		};
		4F5DE54C27465A6400C9C9CA /* Products */ = {
			isa = PBXGroup;
			children = (
				4F5DE54B27465A6400C9C9CA /* GGong.app */,
			);
			name = Products;
			sourceTree = "<group>";
		};
		4F5DE54D27465A6400C9C9CA /* GGong */ = {
			isa = PBXGroup;
			children = (
				4F5DE54E27465A6400C9C9CA /* AppDelegate.swift */,
				4F00B117274667850045481C /* feature */,
				4F00B118274667970045481C /* resource */,
			);
			path = GGong;
			sourceTree = "<group>";
		};
		7AD032695B3E2CA4EA5C4FD2 /* Pods */ = {
			isa = PBXGroup;
			children = (
				6D071251472145E3E5229452 /* Pods-GGong.debug.xcconfig */,
				DC827B11768ED0D130DD8EFB /* Pods-GGong.release.xcconfig */,
			);
			path = Pods;
			sourceTree = "<group>";
		};
		AA9475208369B27273A892DF /* Frameworks */ = {
			isa = PBXGroup;
			children = (
				3C96E4D0588D774DF3FCA35E /* Pods_GGong.framework */,
			);
			name = Frameworks;
			sourceTree = "<group>";
		};
/* End PBXGroup section */

/* Begin PBXNativeTarget section */
		4F5DE54A27465A6400C9C9CA /* GGong */ = {
			isa = PBXNativeTarget;
			buildConfigurationList = 4F5DE55F27465A6500C9C9CA /* Build configuration list for PBXNativeTarget "GGong" */;
			buildPhases = (
				B6C60A4166994CCA8EC80B46 /* [CP] Check Pods Manifest.lock */,
				4F5DE54727465A6400C9C9CA /* Sources */,
				4F5DE54827465A6400C9C9CA /* Frameworks */,
				4F5DE54927465A6400C9C9CA /* Resources */,
				252DCAAC7D31AB4B53CB4FFD /* [CP] Embed Pods Frameworks */,
			);
			buildRules = (
			);
			dependencies = (
			);
			name = GGong;
			productName = GGong;
			productReference = 4F5DE54B27465A6400C9C9CA /* GGong.app */;
			productType = "com.apple.product-type.application";
		};
/* End PBXNativeTarget section */

/* Begin PBXProject section */
		4F5DE54327465A6300C9C9CA /* Project object */ = {
			isa = PBXProject;
			attributes = {
				BuildIndependentTargetsInParallel = 1;
				LastSwiftUpdateCheck = 1310;
				LastUpgradeCheck = 1310;
				TargetAttributes = {
					4F5DE54A27465A6400C9C9CA = {
						CreatedOnToolsVersion = 13.1;
					};
				};
			};
			buildConfigurationList = 4F5DE54627465A6300C9C9CA /* Build configuration list for PBXProject "GGong" */;
			compatibilityVersion = "Xcode 12.0";
			developmentRegion = en;
			hasScannedForEncodings = 0;
			knownRegions = (
				en,
				Base,
			);
			mainGroup = 4F5DE54227465A6300C9C9CA;
			productRefGroup = 4F5DE54C27465A6400C9C9CA /* Products */;
			projectDirPath = "";
			projectRoot = "";
			targets = (
				4F5DE54A27465A6400C9C9CA /* GGong */,
			);
		};
/* End PBXProject section */

/* Begin PBXResourcesBuildPhase section */
		4F5DE54927465A6400C9C9CA /* Resources */ = {
			isa = PBXResourcesBuildPhase;
			buildActionMask = 2147483647;
			files = (
				4F5DE55B27465A6500C9C9CA /* LaunchScreen.storyboard in Resources */,
				4F5DE55827465A6500C9C9CA /* Assets.xcassets in Resources */,
			);
			runOnlyForDeploymentPostprocessing = 0;
		};
/* End PBXResourcesBuildPhase section */

/* Begin PBXShellScriptBuildPhase section */
		252DCAAC7D31AB4B53CB4FFD /* [CP] Embed Pods Frameworks */ = {
			isa = PBXShellScriptBuildPhase;
			buildActionMask = 2147483647;
			files = (
			);
			inputFileListPaths = (
				"${PODS_ROOT}/Target Support Files/Pods-GGong/Pods-GGong-frameworks-${CONFIGURATION}-input-files.xcfilelist",
			);
			name = "[CP] Embed Pods Frameworks";
			outputFileListPaths = (
				"${PODS_ROOT}/Target Support Files/Pods-GGong/Pods-GGong-frameworks-${CONFIGURATION}-output-files.xcfilelist",
			);
			runOnlyForDeploymentPostprocessing = 0;
			shellPath = /bin/sh;
			shellScript = "\"${PODS_ROOT}/Target Support Files/Pods-GGong/Pods-GGong-frameworks.sh\"\n";
			showEnvVarsInLog = 0;
		};
		B6C60A4166994CCA8EC80B46 /* [CP] Check Pods Manifest.lock */ = {
			isa = PBXShellScriptBuildPhase;
			buildActionMask = 2147483647;
			files = (
			);
			inputFileListPaths = (
			);
			inputPaths = (
				"${PODS_PODFILE_DIR_PATH}/Podfile.lock",
				"${PODS_ROOT}/Manifest.lock",
			);
			name = "[CP] Check Pods Manifest.lock";
			outputFileListPaths = (
			);
			outputPaths = (
				"$(DERIVED_FILE_DIR)/Pods-GGong-checkManifestLockResult.txt",
			);
			runOnlyForDeploymentPostprocessing = 0;
			shellPath = /bin/sh;
			shellScript = "diff \"${PODS_PODFILE_DIR_PATH}/Podfile.lock\" \"${PODS_ROOT}/Manifest.lock\" > /dev/null\nif [ $? != 0 ] ; then\n    # print error to STDERR\n    echo \"error: The sandbox is not in sync with the Podfile.lock. Run 'pod install' or update your CocoaPods installation.\" >&2\n    exit 1\nfi\n# This output is used by Xcode 'outputs' to avoid re-running this script phase.\necho \"SUCCESS\" > \"${SCRIPT_OUTPUT_FILE_0}\"\n";
			showEnvVarsInLog = 0;
		};
/* End PBXShellScriptBuildPhase section */

/* Begin PBXSourcesBuildPhase section */
		4F5DE54727465A6400C9C9CA /* Sources */ = {
			isa = PBXSourcesBuildPhase;
			buildActionMask = 2147483647;
			files = (
				4F5DE54F27465A6400C9C9CA /* AppDelegate.swift in Sources */,
				4F00B11F27466A810045481C /* BaseViewController.swift in Sources */,
				4F00B12127466A9A0045481C /* SplashViewController.swift in Sources */,
			);
			runOnlyForDeploymentPostprocessing = 0;
		};
/* End PBXSourcesBuildPhase section */

/* Begin PBXVariantGroup section */
		4F5DE55927465A6500C9C9CA /* LaunchScreen.storyboard */ = {
			isa = PBXVariantGroup;
			children = (
				4F5DE55A27465A6500C9C9CA /* Base */,
			);
			name = LaunchScreen.storyboard;
			sourceTree = "<group>";
		};
/* End PBXVariantGroup section */

/* Begin XCBuildConfiguration section */
		4F5DE55D27465A6500C9C9CA /* Debug */ = {
			isa = XCBuildConfiguration;
			buildSettings = {
				ALWAYS_SEARCH_USER_PATHS = NO;
				CLANG_ANALYZER_NONNULL = YES;
				CLANG_ANALYZER_NUMBER_OBJECT_CONVERSION = YES_AGGRESSIVE;
				CLANG_CXX_LANGUAGE_STANDARD = "gnu++17";
				CLANG_CXX_LIBRARY = "libc++";
				CLANG_ENABLE_MODULES = YES;
				CLANG_ENABLE_OBJC_ARC = YES;
				CLANG_ENABLE_OBJC_WEAK = YES;
				CLANG_WARN_BLOCK_CAPTURE_AUTORELEASING = YES;
				CLANG_WARN_BOOL_CONVERSION = YES;
				CLANG_WARN_COMMA = YES;
				CLANG_WARN_CONSTANT_CONVERSION = YES;
				CLANG_WARN_DEPRECATED_OBJC_IMPLEMENTATIONS = YES;
				CLANG_WARN_DIRECT_OBJC_ISA_USAGE = YES_ERROR;
				CLANG_WARN_DOCUMENTATION_COMMENTS = YES;
				CLANG_WARN_EMPTY_BODY = YES;
				CLANG_WARN_ENUM_CONVERSION = YES;
				CLANG_WARN_INFINITE_RECURSION = YES;
				CLANG_WARN_INT_CONVERSION = YES;
				CLANG_WARN_NON_LITERAL_NULL_CONVERSION = YES;
				CLANG_WARN_OBJC_IMPLICIT_RETAIN_SELF = YES;
				CLANG_WARN_OBJC_LITERAL_CONVERSION = YES;
				CLANG_WARN_OBJC_ROOT_CLASS = YES_ERROR;
				CLANG_WARN_QUOTED_INCLUDE_IN_FRAMEWORK_HEADER = YES;
				CLANG_WARN_RANGE_LOOP_ANALYSIS = YES;
				CLANG_WARN_STRICT_PROTOTYPES = YES;
				CLANG_WARN_SUSPICIOUS_MOVE = YES;
				CLANG_WARN_UNGUARDED_AVAILABILITY = YES_AGGRESSIVE;
				CLANG_WARN_UNREACHABLE_CODE = YES;
				CLANG_WARN__DUPLICATE_METHOD_MATCH = YES;
				COPY_PHASE_STRIP = NO;
				DEBUG_INFORMATION_FORMAT = dwarf;
				ENABLE_STRICT_OBJC_MSGSEND = YES;
				ENABLE_TESTABILITY = YES;
				GCC_C_LANGUAGE_STANDARD = gnu11;
				GCC_DYNAMIC_NO_PIC = NO;
				GCC_NO_COMMON_BLOCKS = YES;
				GCC_OPTIMIZATION_LEVEL = 0;
				GCC_PREPROCESSOR_DEFINITIONS = (
					"DEBUG=1",
					"$(inherited)",
				);
				GCC_WARN_64_TO_32_BIT_CONVERSION = YES;
				GCC_WARN_ABOUT_RETURN_TYPE = YES_ERROR;
				GCC_WARN_UNDECLARED_SELECTOR = YES;
				GCC_WARN_UNINITIALIZED_AUTOS = YES_AGGRESSIVE;
				GCC_WARN_UNUSED_FUNCTION = YES;
				GCC_WARN_UNUSED_VARIABLE = YES;
				IPHONEOS_DEPLOYMENT_TARGET = 15.0;
				MTL_ENABLE_DEBUG_INFO = INCLUDE_SOURCE;
				MTL_FAST_MATH = YES;
				ONLY_ACTIVE_ARCH = YES;
				SDKROOT = iphoneos;
				SWIFT_ACTIVE_COMPILATION_CONDITIONS = DEBUG;
				SWIFT_OPTIMIZATION_LEVEL = "-Onone";
			};
			name = Debug;
		};
		4F5DE55E27465A6500C9C9CA /* Release */ = {
			isa = XCBuildConfiguration;
			buildSettings = {
				ALWAYS_SEARCH_USER_PATHS = NO;
				CLANG_ANALYZER_NONNULL = YES;
				CLANG_ANALYZER_NUMBER_OBJECT_CONVERSION = YES_AGGRESSIVE;
				CLANG_CXX_LANGUAGE_STANDARD = "gnu++17";
				CLANG_CXX_LIBRARY = "libc++";
				CLANG_ENABLE_MODULES = YES;
				CLANG_ENABLE_OBJC_ARC = YES;
				CLANG_ENABLE_OBJC_WEAK = YES;
				CLANG_WARN_BLOCK_CAPTURE_AUTORELEASING = YES;
				CLANG_WARN_BOOL_CONVERSION = YES;
				CLANG_WARN_COMMA = YES;
				CLANG_WARN_CONSTANT_CONVERSION = YES;
				CLANG_WARN_DEPRECATED_OBJC_IMPLEMENTATIONS = YES;
				CLANG_WARN_DIRECT_OBJC_ISA_USAGE = YES_ERROR;
				CLANG_WARN_DOCUMENTATION_COMMENTS = YES;
				CLANG_WARN_EMPTY_BODY = YES;
				CLANG_WARN_ENUM_CONVERSION = YES;
				CLANG_WARN_INFINITE_RECURSION = YES;
				CLANG_WARN_INT_CONVERSION = YES;
				CLANG_WARN_NON_LITERAL_NULL_CONVERSION = YES;
				CLANG_WARN_OBJC_IMPLICIT_RETAIN_SELF = YES;
				CLANG_WARN_OBJC_LITERAL_CONVERSION = YES;
				CLANG_WARN_OBJC_ROOT_CLASS = YES_ERROR;
				CLANG_WARN_QUOTED_INCLUDE_IN_FRAMEWORK_HEADER = YES;
				CLANG_WARN_RANGE_LOOP_ANALYSIS = YES;
				CLANG_WARN_STRICT_PROTOTYPES = YES;
				CLANG_WARN_SUSPICIOUS_MOVE = YES;
				CLANG_WARN_UNGUARDED_AVAILABILITY = YES_AGGRESSIVE;
				CLANG_WARN_UNREACHABLE_CODE = YES;
				CLANG_WARN__DUPLICATE_METHOD_MATCH = YES;
				COPY_PHASE_STRIP = NO;
				DEBUG_INFORMATION_FORMAT = "dwarf-with-dsym";
				ENABLE_NS_ASSERTIONS = NO;
				ENABLE_STRICT_OBJC_MSGSEND = YES;
				GCC_C_LANGUAGE_STANDARD = gnu11;
				GCC_NO_COMMON_BLOCKS = YES;
				GCC_WARN_64_TO_32_BIT_CONVERSION = YES;
				GCC_WARN_ABOUT_RETURN_TYPE = YES_ERROR;
				GCC_WARN_UNDECLARED_SELECTOR = YES;
				GCC_WARN_UNINITIALIZED_AUTOS = YES_AGGRESSIVE;
				GCC_WARN_UNUSED_FUNCTION = YES;
				GCC_WARN_UNUSED_VARIABLE = YES;
				IPHONEOS_DEPLOYMENT_TARGET = 15.0;
				MTL_ENABLE_DEBUG_INFO = NO;
				MTL_FAST_MATH = YES;
				SDKROOT = iphoneos;
				SWIFT_COMPILATION_MODE = wholemodule;
				SWIFT_OPTIMIZATION_LEVEL = "-O";
				VALIDATE_PRODUCT = YES;
			};
			name = Release;
		};
		4F5DE56027465A6500C9C9CA /* Debug */ = {
			isa = XCBuildConfiguration;
			baseConfigurationReference = 6D071251472145E3E5229452 /* Pods-GGong.debug.xcconfig */;
			buildSettings = {
				ASSETCATALOG_COMPILER_APPICON_NAME = AppIcon;
				ASSETCATALOG_COMPILER_GLOBAL_ACCENT_COLOR_NAME = AccentColor;
				CODE_SIGN_STYLE = Automatic;
				CURRENT_PROJECT_VERSION = 1;
				DEVELOPMENT_TEAM = ZLN97H98PA;
				GENERATE_INFOPLIST_FILE = YES;
				INFOPLIST_FILE = GGong/resource/Info.plist;
				INFOPLIST_KEY_UIApplicationSupportsIndirectInputEvents = YES;
				INFOPLIST_KEY_UILaunchStoryboardName = LaunchScreen;
				INFOPLIST_KEY_UISupportedInterfaceOrientations_iPad = "UIInterfaceOrientationPortrait UIInterfaceOrientationPortraitUpsideDown UIInterfaceOrientationLandscapeLeft UIInterfaceOrientationLandscapeRight";
				INFOPLIST_KEY_UISupportedInterfaceOrientations_iPhone = "UIInterfaceOrientationPortrait UIInterfaceOrientationLandscapeLeft UIInterfaceOrientationLandscapeRight";
				IPHONEOS_DEPLOYMENT_TARGET = 13.0;
				LD_RUNPATH_SEARCH_PATHS = (
					"$(inherited)",
					"@executable_path/Frameworks",
				);
				MARKETING_VERSION = 1.0;
				PRODUCT_BUNDLE_IDENTIFIER = com.QEDStudio.GGong;
				PRODUCT_NAME = "$(TARGET_NAME)";
				SWIFT_EMIT_LOC_STRINGS = YES;
				SWIFT_VERSION = 5.0;
				TARGETED_DEVICE_FAMILY = "1,2";
			};
			name = Debug;
		};
		4F5DE56127465A6500C9C9CA /* Release */ = {
			isa = XCBuildConfiguration;
			baseConfigurationReference = DC827B11768ED0D130DD8EFB /* Pods-GGong.release.xcconfig */;
			buildSettings = {
				ASSETCATALOG_COMPILER_APPICON_NAME = AppIcon;
				ASSETCATALOG_COMPILER_GLOBAL_ACCENT_COLOR_NAME = AccentColor;
				CODE_SIGN_STYLE = Automatic;
				CURRENT_PROJECT_VERSION = 1;
				DEVELOPMENT_TEAM = ZLN97H98PA;
				GENERATE_INFOPLIST_FILE = YES;
				INFOPLIST_FILE = GGong/resource/Info.plist;
				INFOPLIST_KEY_UIApplicationSupportsIndirectInputEvents = YES;
				INFOPLIST_KEY_UILaunchStoryboardName = LaunchScreen;
				INFOPLIST_KEY_UISupportedInterfaceOrientations_iPad = "UIInterfaceOrientationPortrait UIInterfaceOrientationPortraitUpsideDown UIInterfaceOrientationLandscapeLeft UIInterfaceOrientationLandscapeRight";
				INFOPLIST_KEY_UISupportedInterfaceOrientations_iPhone = "UIInterfaceOrientationPortrait UIInterfaceOrientationLandscapeLeft UIInterfaceOrientationLandscapeRight";
				IPHONEOS_DEPLOYMENT_TARGET = 13.0;
				LD_RUNPATH_SEARCH_PATHS = (
					"$(inherited)",
					"@executable_path/Frameworks",
				);
				MARKETING_VERSION = 1.0;
				PRODUCT_BUNDLE_IDENTIFIER = com.QEDStudio.GGong;
				PRODUCT_NAME = "$(TARGET_NAME)";
				SWIFT_EMIT_LOC_STRINGS = YES;
				SWIFT_VERSION = 5.0;
				TARGETED_DEVICE_FAMILY = "1,2";
			};
			name = Release;
		};
/* End XCBuildConfiguration section */

/* Begin XCConfigurationList section */
		4F5DE54627465A6300C9C9CA /* Build configuration list for PBXProject "GGong" */ = {
			isa = XCConfigurationList;
			buildConfigurations = (
				4F5DE55D27465A6500C9C9CA /* Debug */,
				4F5DE55E27465A6500C9C9CA /* Release */,
			);
			defaultConfigurationIsVisible = 0;
			defaultConfigurationName = Release;
		};
		4F5DE55F27465A6500C9C9CA /* Build configuration list for PBXNativeTarget "GGong" */ = {
			isa = XCConfigurationList;
			buildConfigurations = (
				4F5DE56027465A6500C9C9CA /* Debug */,
				4F5DE56127465A6500C9C9CA /* Release */,
			);
			defaultConfigurationIsVisible = 0;
			defaultConfigurationName = Release;
		};
/* End XCConfigurationList section */
	};
	rootObject = 4F5DE54327465A6300C9C9CA /* Project object */;
}
